PODS:
  - Alamofire (5.0.0-beta.6)
  - AliyunOSSiOS (2.10.7)
  - dsBridge (3.0.6)
  - FileBrowser (1.0.0)
  - NVActivityIndicatorView (4.7.0):
    - NVActivityIndicatorView/Presenter (= 4.7.0)
  - NVActivityIndicatorView/Presenter (4.7.0)
  - Pickle (1.4.0)
  - SnapKit (5.0.0)
  - SwiftyJSON (4.3.0)
  - White-SDK-iOS (2.3.1):
    - dsBridge (~> 3.0.2)
    - YYModel (~> 1.0.4)
  - YYModel (1.0.4)

DEPENDENCIES:
  - Alamofire (~> 5.0.0-beta.5)
  - AliyunOSSiOS
  - FileBrowser (~> 1.0)
  - NVActivityIndicatorView
  - Pickle
  - SnapKit (~> 5.0.0)
  - SwiftyJSON (~> 4.0)
  - White-SDK-iOS (~> 2.3.1)

SPEC REPOS:
  https://github.com/cocoapods/specs.git:
    - Alamofire
    - AliyunOSSiOS
    - dsBridge
    - FileBrowser
    - NVActivityIndicatorView
    - Pickle
    - SnapKit
    - SwiftyJSON
    - White-SDK-iOS
    - YYModel

SPEC CHECKSUMS:
  Alamofire: cd08a4402bd12cacd0c66f23fb12fec8d6b965e4
  AliyunOSSiOS: 602b6a4e70e62a5f0a6431c20496343141d7e66f
  dsBridge: 48b62ee8a411ad601a88d6f6c8cf6cb634b206b7
  FileBrowser: 2ca91ff61c9ea09665eb3b8f9e64a7a77e66a0bf
  NVActivityIndicatorView: b19ddab2576f805cbe0fb2306cba3476e09a1dea
  Pickle: 28753955cbcd9cc1a7b44624e49c61e182f3bbd7
  SnapKit: fd22d10eb9aff484d79a8724eab922c1ddf89bcf
  SwiftyJSON: 6faa0040f8b59dead0ee07436cbf76b73c08fd08
  White-SDK-iOS: 18430a2e26ab252127fe19604c2b7ca71f5edb26
  YYModel: 2a7fdd96aaa4b86a824e26d0c517de8928c04b30

PODFILE CHECKSUM: 4502c5a2723c1d5549ead35cd9e44fc9dbe8ca09

COCOAPODS: 1.7.3
