// !$*UTF8*$!
{
	archiveVersion = 1;
	classes = {
	};
	objectVersion = 51;
	objects = {

/* Begin PBXBuildFile section */
		6D0DCC8322B3518E0027550D /* Utils.swift in Sources */ = {isa = PBXBuildFile; fileRef = 6D0DCC8222B3518E0027550D /* Utils.swift */; };
		6D0DCC8522B365250027550D /* Theme.swift in Sources */ = {isa = PBXBuildFile; fileRef = 6D0DCC8422B365250027550D /* Theme.swift */; };
		6D0DCC8B22B372720027550D /* QRScannerViewController.swift in Sources */ = {isa = PBXBuildFile; fileRef = 6D0DCC8A22B372720027550D /* QRScannerViewController.swift */; };
		6D0E1B0922B2481C00CD4B4F /* AppDelegate.swift in Sources */ = {isa = PBXBuildFile; fileRef = 6D0E1B0822B2481C00CD4B4F /* AppDelegate.swift */; };
		6D0E1B0B22B2481C00CD4B4F /* ViewController.swift in Sources */ = {isa = PBXBuildFile; fileRef = 6D0E1B0A22B2481C00CD4B4F /* ViewController.swift */; };
		6D0E1B0E22B2481C00CD4B4F /* Main.storyboard in Resources */ = {isa = PBXBuildFile; fileRef = 6D0E1B0C22B2481C00CD4B4F /* Main.storyboard */; };
		6D0E1B1322B2481D00CD4B4F /* LaunchScreen.storyboard in Resources */ = {isa = PBXBuildFile; fileRef = 6D0E1B1122B2481D00CD4B4F /* LaunchScreen.storyboard */; };
		6D0E1B1E22B2481D00CD4B4F /* netless_swift_whiteboardTests.swift in Sources */ = {isa = PBXBuildFile; fileRef = 6D0E1B1D22B2481D00CD4B4F /* netless_swift_whiteboardTests.swift */; };
		6D0E1B2922B2481D00CD4B4F /* netless_swift_whiteboardUITests.swift in Sources */ = {isa = PBXBuildFile; fileRef = 6D0E1B2822B2481D00CD4B4F /* netless_swift_whiteboardUITests.swift */; };
		6D0E1B3722B25A7700CD4B4F /* WhiteboardViewController.swift in Sources */ = {isa = PBXBuildFile; fileRef = 6D0E1B3622B25A7700CD4B4F /* WhiteboardViewController.swift */; };
		6DDE2D4F22B4A6DF008519FE /* SenceViewController.swift in Sources */ = {isa = PBXBuildFile; fileRef = 6DDE2D4E22B4A6DF008519FE /* SenceViewController.swift */; };
		6DDE2D5322B4D518008519FE /* InviteViewController.swift in Sources */ = {isa = PBXBuildFile; fileRef = 6DDE2D5222B4D518008519FE /* InviteViewController.swift */; };
		6DDE2D5522B4D670008519FE /* SetViewController.swift in Sources */ = {isa = PBXBuildFile; fileRef = 6DDE2D5422B4D670008519FE /* SetViewController.swift */; };
		6DDE2D6422B9076F008519FE /* TokenConfig.swift in Sources */ = {isa = PBXBuildFile; fileRef = 6DDE2D6322B9076F008519FE /* TokenConfig.swift */; };
		6DDE2D6622B9086B008519FE /* ApiMiddleWare.swift in Sources */ = {isa = PBXBuildFile; fileRef = 6DDE2D6522B9086B008519FE /* ApiMiddleWare.swift */; };
		6DDE2D7122BB22F9008519FE /* ToolboxButton.swift in Sources */ = {isa = PBXBuildFile; fileRef = 6DDE2D7022BB22F9008519FE /* ToolboxButton.swift */; };
		6DDE2D7522BC9ADE008519FE /* Assets.xcassets in Resources */ = {isa = PBXBuildFile; fileRef = 6DDE2D7422BC9ADE008519FE /* Assets.xcassets */; };
		6DDE2D7922BCB1E6008519FE /* ToolboxView.swift in Sources */ = {isa = PBXBuildFile; fileRef = 6DDE2D7822BCB1E6008519FE /* ToolboxView.swift */; };
		6DDE2D7B22BCB53A008519FE /* ButtonPrimary.swift in Sources */ = {isa = PBXBuildFile; fileRef = 6DDE2D7A22BCB53A008519FE /* ButtonPrimary.swift */; };
		6DDE2D7F22BDD413008519FE /* LoadingView.swift in Sources */ = {isa = PBXBuildFile; fileRef = 6DDE2D7E22BDD413008519FE /* LoadingView.swift */; };
		6DDE2D8122BDE116008519FE /* QRCodeUtil.swift in Sources */ = {isa = PBXBuildFile; fileRef = 6DDE2D8022BDE116008519FE /* QRCodeUtil.swift */; };
		BFEC3242A30C0722791CB64A /* Pods_netless_swift_whiteboard.framework in Frameworks */ = {isa = PBXBuildFile; fileRef = 4767978068D8ADFD9133475B /* Pods_netless_swift_whiteboard.framework */; };
/* End PBXBuildFile section */

/* Begin PBXContainerItemProxy section */
		6D0E1B1A22B2481D00CD4B4F /* PBXContainerItemProxy */ = {
			isa = PBXContainerItemProxy;
			containerPortal = 6D0E1AFD22B2481C00CD4B4F /* Project object */;
			proxyType = 1;
			remoteGlobalIDString = 6D0E1B0422B2481C00CD4B4F;
			remoteInfo = "netless-swift-whiteboard";
		};
		6D0E1B2522B2481D00CD4B4F /* PBXContainerItemProxy */ = {
			isa = PBXContainerItemProxy;
			containerPortal = 6D0E1AFD22B2481C00CD4B4F /* Project object */;
			proxyType = 1;
			remoteGlobalIDString = 6D0E1B0422B2481C00CD4B4F;
			remoteInfo = "netless-swift-whiteboard";
		};
/* End PBXContainerItemProxy section */

/* Begin PBXFileReference section */
		4767978068D8ADFD9133475B /* Pods_netless_swift_whiteboard.framework */ = {isa = PBXFileReference; explicitFileType = wrapper.framework; includeInIndex = 0; path = Pods_netless_swift_whiteboard.framework; sourceTree = BUILT_PRODUCTS_DIR; };
		6D0DCC8222B3518E0027550D /* Utils.swift */ = {isa = PBXFileReference; lastKnownFileType = sourcecode.swift; path = Utils.swift; sourceTree = "<group>"; };
		6D0DCC8422B365250027550D /* Theme.swift */ = {isa = PBXFileReference; lastKnownFileType = sourcecode.swift; path = Theme.swift; sourceTree = "<group>"; };
		6D0DCC8A22B372720027550D /* QRScannerViewController.swift */ = {isa = PBXFileReference; lastKnownFileType = sourcecode.swift; path = QRScannerViewController.swift; sourceTree = "<group>"; };
		6D0DCCC922B3B11C0027550D /* netless-swift-whiteboard-Bridging-Header.h */ = {isa = PBXFileReference; lastKnownFileType = sourcecode.c.h; path = "netless-swift-whiteboard-Bridging-Header.h"; sourceTree = "<group>"; };
		6D0E1B0522B2481C00CD4B4F /* netless-swift-whiteboard.app */ = {isa = PBXFileReference; explicitFileType = wrapper.application; includeInIndex = 0; path = "netless-swift-whiteboard.app"; sourceTree = BUILT_PRODUCTS_DIR; };
		6D0E1B0822B2481C00CD4B4F /* AppDelegate.swift */ = {isa = PBXFileReference; lastKnownFileType = sourcecode.swift; path = AppDelegate.swift; sourceTree = "<group>"; };
		6D0E1B0A22B2481C00CD4B4F /* ViewController.swift */ = {isa = PBXFileReference; lastKnownFileType = sourcecode.swift; path = ViewController.swift; sourceTree = "<group>"; };
		6D0E1B0D22B2481C00CD4B4F /* Base */ = {isa = PBXFileReference; lastKnownFileType = file.storyboard; name = Base; path = Base.lproj/Main.storyboard; sourceTree = "<group>"; };
		6D0E1B1222B2481D00CD4B4F /* Base */ = {isa = PBXFileReference; lastKnownFileType = file.storyboard; name = Base; path = Base.lproj/LaunchScreen.storyboard; sourceTree = "<group>"; };
		6D0E1B1422B2481D00CD4B4F /* Info.plist */ = {isa = PBXFileReference; lastKnownFileType = text.plist.xml; path = Info.plist; sourceTree = "<group>"; };
		6D0E1B1922B2481D00CD4B4F /* netless-swift-whiteboardTests.xctest */ = {isa = PBXFileReference; explicitFileType = wrapper.cfbundle; includeInIndex = 0; path = "netless-swift-whiteboardTests.xctest"; sourceTree = BUILT_PRODUCTS_DIR; };
		6D0E1B1D22B2481D00CD4B4F /* netless_swift_whiteboardTests.swift */ = {isa = PBXFileReference; lastKnownFileType = sourcecode.swift; path = netless_swift_whiteboardTests.swift; sourceTree = "<group>"; };
		6D0E1B1F22B2481D00CD4B4F /* Info.plist */ = {isa = PBXFileReference; lastKnownFileType = text.plist.xml; path = Info.plist; sourceTree = "<group>"; };
		6D0E1B2422B2481D00CD4B4F /* netless-swift-whiteboardUITests.xctest */ = {isa = PBXFileReference; explicitFileType = wrapper.cfbundle; includeInIndex = 0; path = "netless-swift-whiteboardUITests.xctest"; sourceTree = BUILT_PRODUCTS_DIR; };
		6D0E1B2822B2481D00CD4B4F /* netless_swift_whiteboardUITests.swift */ = {isa = PBXFileReference; lastKnownFileType = sourcecode.swift; path = netless_swift_whiteboardUITests.swift; sourceTree = "<group>"; };
		6D0E1B2A22B2481D00CD4B4F /* Info.plist */ = {isa = PBXFileReference; lastKnownFileType = text.plist.xml; path = Info.plist; sourceTree = "<group>"; };
		6D0E1B3622B25A7700CD4B4F /* WhiteboardViewController.swift */ = {isa = PBXFileReference; lastKnownFileType = sourcecode.swift; path = WhiteboardViewController.swift; sourceTree = "<group>"; };
		6DDE2D4E22B4A6DF008519FE /* SenceViewController.swift */ = {isa = PBXFileReference; lastKnownFileType = sourcecode.swift; path = SenceViewController.swift; sourceTree = "<group>"; };
		6DDE2D5222B4D518008519FE /* InviteViewController.swift */ = {isa = PBXFileReference; lastKnownFileType = sourcecode.swift; path = InviteViewController.swift; sourceTree = "<group>"; };
		6DDE2D5422B4D670008519FE /* SetViewController.swift */ = {isa = PBXFileReference; lastKnownFileType = sourcecode.swift; path = SetViewController.swift; sourceTree = "<group>"; };
		6DDE2D6322B9076F008519FE /* TokenConfig.swift */ = {isa = PBXFileReference; lastKnownFileType = sourcecode.swift; path = TokenConfig.swift; sourceTree = "<group>"; };
		6DDE2D6522B9086B008519FE /* ApiMiddleWare.swift */ = {isa = PBXFileReference; lastKnownFileType = sourcecode.swift; path = ApiMiddleWare.swift; sourceTree = "<group>"; };
		6DDE2D7022BB22F9008519FE /* ToolboxButton.swift */ = {isa = PBXFileReference; lastKnownFileType = sourcecode.swift; path = ToolboxButton.swift; sourceTree = "<group>"; };
		6DDE2D7422BC9ADE008519FE /* Assets.xcassets */ = {isa = PBXFileReference; lastKnownFileType = folder.assetcatalog; name = Assets.xcassets; path = ../../.Trash/Assets.xcassets; sourceTree = "<group>"; };
		6DDE2D7822BCB1E6008519FE /* ToolboxView.swift */ = {isa = PBXFileReference; lastKnownFileType = sourcecode.swift; path = ToolboxView.swift; sourceTree = "<group>"; };
		6DDE2D7A22BCB53A008519FE /* ButtonPrimary.swift */ = {isa = PBXFileReference; lastKnownFileType = sourcecode.swift; path = ButtonPrimary.swift; sourceTree = "<group>"; };
		6DDE2D7E22BDD413008519FE /* LoadingView.swift */ = {isa = PBXFileReference; lastKnownFileType = sourcecode.swift; path = LoadingView.swift; sourceTree = "<group>"; };
		6DDE2D8022BDE116008519FE /* QRCodeUtil.swift */ = {isa = PBXFileReference; fileEncoding = 4; lastKnownFileType = sourcecode.swift; path = QRCodeUtil.swift; sourceTree = "<group>"; };
		914328CD952D25E75D8EA48F /* Pods-netless-swift-whiteboard.release.xcconfig */ = {isa = PBXFileReference; includeInIndex = 1; lastKnownFileType = text.xcconfig; name = "Pods-netless-swift-whiteboard.release.xcconfig"; path = "Target Support Files/Pods-netless-swift-whiteboard/Pods-netless-swift-whiteboard.release.xcconfig"; sourceTree = "<group>"; };
		9CAB039CCD4D5D768080EF47 /* Pods-netless-swift-whiteboard.debug.xcconfig */ = {isa = PBXFileReference; includeInIndex = 1; lastKnownFileType = text.xcconfig; name = "Pods-netless-swift-whiteboard.debug.xcconfig"; path = "Target Support Files/Pods-netless-swift-whiteboard/Pods-netless-swift-whiteboard.debug.xcconfig"; sourceTree = "<group>"; };
/* End PBXFileReference section */

/* Begin PBXFrameworksBuildPhase section */
		6D0E1B0222B2481C00CD4B4F /* Frameworks */ = {
			isa = PBXFrameworksBuildPhase;
			buildActionMask = 2147483647;
			files = (
				BFEC3242A30C0722791CB64A /* Pods_netless_swift_whiteboard.framework in Frameworks */,
			);
			runOnlyForDeploymentPostprocessing = 0;
		};
		6D0E1B1622B2481D00CD4B4F /* Frameworks */ = {
			isa = PBXFrameworksBuildPhase;
			buildActionMask = 2147483647;
			files = (
			);
			runOnlyForDeploymentPostprocessing = 0;
		};
		6D0E1B2122B2481D00CD4B4F /* Frameworks */ = {
			isa = PBXFrameworksBuildPhase;
			buildActionMask = 2147483647;
			files = (
			);
			runOnlyForDeploymentPostprocessing = 0;
		};
/* End PBXFrameworksBuildPhase section */

/* Begin PBXGroup section */
		59B8C93274EA4C8A844ABF70 /* Frameworks */ = {
			isa = PBXGroup;
			children = (
				4767978068D8ADFD9133475B /* Pods_netless_swift_whiteboard.framework */,
			);
			name = Frameworks;
			sourceTree = "<group>";
		};
		6D0E1AFC22B2481C00CD4B4F = {
			isa = PBXGroup;
			children = (
				6D0E1B0722B2481C00CD4B4F /* netless-swift-whiteboard */,
				6D0E1B1C22B2481D00CD4B4F /* netless-swift-whiteboardTests */,
				6D0E1B2722B2481D00CD4B4F /* netless-swift-whiteboardUITests */,
				6D0E1B0622B2481C00CD4B4F /* Products */,
				C62FC7A682805F99676F5DDA /* Pods */,
				59B8C93274EA4C8A844ABF70 /* Frameworks */,
			);
			sourceTree = "<group>";
		};
		6D0E1B0622B2481C00CD4B4F /* Products */ = {
			isa = PBXGroup;
			children = (
				6D0E1B0522B2481C00CD4B4F /* netless-swift-whiteboard.app */,
				6D0E1B1922B2481D00CD4B4F /* netless-swift-whiteboardTests.xctest */,
				6D0E1B2422B2481D00CD4B4F /* netless-swift-whiteboardUITests.xctest */,
			);
			name = Products;
			sourceTree = "<group>";
		};
		6D0E1B0722B2481C00CD4B4F /* netless-swift-whiteboard */ = {
			isa = PBXGroup;
			children = (
				6DDE2D7722BCB1AE008519FE /* whiteboard */,
				6DDE2D6F22BB22D2008519FE /* netless-ui */,
				6D0E1B0822B2481C00CD4B4F /* AppDelegate.swift */,
				6DDE2D8022BDE116008519FE /* QRCodeUtil.swift */,
				6DDE2D7422BC9ADE008519FE /* Assets.xcassets */,
				6D0E1B0A22B2481C00CD4B4F /* ViewController.swift */,
				6D0E1B0C22B2481C00CD4B4F /* Main.storyboard */,
				6D0E1B1122B2481D00CD4B4F /* LaunchScreen.storyboard */,
				6D0E1B1422B2481D00CD4B4F /* Info.plist */,
				6D0DCC8A22B372720027550D /* QRScannerViewController.swift */,
				6D0DCCC922B3B11C0027550D /* netless-swift-whiteboard-Bridging-Header.h */,
				6DDE2D4E22B4A6DF008519FE /* SenceViewController.swift */,
				6DDE2D5222B4D518008519FE /* InviteViewController.swift */,
				6DDE2D5422B4D670008519FE /* SetViewController.swift */,
				6D0DCC8422B365250027550D /* Theme.swift */,
				6D0DCC8222B3518E0027550D /* Utils.swift */,
				6DDE2D6322B9076F008519FE /* TokenConfig.swift */,
				6DDE2D6522B9086B008519FE /* ApiMiddleWare.swift */,
				6DDE2D7E22BDD413008519FE /* LoadingView.swift */,
			);
			path = "netless-swift-whiteboard";
			sourceTree = "<group>";
		};
		6D0E1B1C22B2481D00CD4B4F /* netless-swift-whiteboardTests */ = {
			isa = PBXGroup;
			children = (
				6D0E1B1D22B2481D00CD4B4F /* netless_swift_whiteboardTests.swift */,
				6D0E1B1F22B2481D00CD4B4F /* Info.plist */,
			);
			path = "netless-swift-whiteboardTests";
			sourceTree = "<group>";
		};
		6D0E1B2722B2481D00CD4B4F /* netless-swift-whiteboardUITests */ = {
			isa = PBXGroup;
			children = (
				6D0E1B2822B2481D00CD4B4F /* netless_swift_whiteboardUITests.swift */,
				6D0E1B2A22B2481D00CD4B4F /* Info.plist */,
			);
			path = "netless-swift-whiteboardUITests";
			sourceTree = "<group>";
		};
		6DDE2D6F22BB22D2008519FE /* netless-ui */ = {
			isa = PBXGroup;
			children = (
				6DDE2D7022BB22F9008519FE /* ToolboxButton.swift */,
				6DDE2D7A22BCB53A008519FE /* ButtonPrimary.swift */,
			);
			path = "netless-ui";
			sourceTree = "<group>";
		};
		6DDE2D7722BCB1AE008519FE /* whiteboard */ = {
			isa = PBXGroup;
			children = (
				6D0E1B3622B25A7700CD4B4F /* WhiteboardViewController.swift */,
				6DDE2D7822BCB1E6008519FE /* ToolboxView.swift */,
			);
			path = whiteboard;
			sourceTree = "<group>";
		};
		C62FC7A682805F99676F5DDA /* Pods */ = {
			isa = PBXGroup;
			children = (
				9CAB039CCD4D5D768080EF47 /* Pods-netless-swift-whiteboard.debug.xcconfig */,
				914328CD952D25E75D8EA48F /* Pods-netless-swift-whiteboard.release.xcconfig */,
			);
			path = Pods;
			sourceTree = "<group>";
		};
/* End PBXGroup section */

/* Begin PBXNativeTarget section */
		6D0E1B0422B2481C00CD4B4F /* netless-swift-whiteboard */ = {
			isa = PBXNativeTarget;
			buildConfigurationList = 6D0E1B2D22B2481D00CD4B4F /* Build configuration list for PBXNativeTarget "netless-swift-whiteboard" */;
			buildPhases = (
				59813D49A7C587FB32F9456B /* [CP] Check Pods Manifest.lock */,
				6D0E1B0122B2481C00CD4B4F /* Sources */,
				6D0E1B0222B2481C00CD4B4F /* Frameworks */,
				6D0E1B0322B2481C00CD4B4F /* Resources */,
				213B316049CB79CAF6774A02 /* [CP] Embed Pods Frameworks */,
				8F5657292A77F884910D0C16 /* [CP] Copy Pods Resources */,
			);
			buildRules = (
			);
			dependencies = (
			);
			name = "netless-swift-whiteboard";
			productName = "netless-swift-whiteboard";
			productReference = 6D0E1B0522B2481C00CD4B4F /* netless-swift-whiteboard.app */;
			productType = "com.apple.product-type.application";
		};
		6D0E1B1822B2481D00CD4B4F /* netless-swift-whiteboardTests */ = {
			isa = PBXNativeTarget;
			buildConfigurationList = 6D0E1B3022B2481D00CD4B4F /* Build configuration list for PBXNativeTarget "netless-swift-whiteboardTests" */;
			buildPhases = (
				6D0E1B1522B2481D00CD4B4F /* Sources */,
				6D0E1B1622B2481D00CD4B4F /* Frameworks */,
				6D0E1B1722B2481D00CD4B4F /* Resources */,
			);
			buildRules = (
			);
			dependencies = (
				6D0E1B1B22B2481D00CD4B4F /* PBXTargetDependency */,
			);
			name = "netless-swift-whiteboardTests";
			productName = "netless-swift-whiteboardTests";
			productReference = 6D0E1B1922B2481D00CD4B4F /* netless-swift-whiteboardTests.xctest */;
			productType = "com.apple.product-type.bundle.unit-test";
		};
		6D0E1B2322B2481D00CD4B4F /* netless-swift-whiteboardUITests */ = {
			isa = PBXNativeTarget;
			buildConfigurationList = 6D0E1B3322B2481D00CD4B4F /* Build configuration list for PBXNativeTarget "netless-swift-whiteboardUITests" */;
			buildPhases = (
				6D0E1B2022B2481D00CD4B4F /* Sources */,
				6D0E1B2122B2481D00CD4B4F /* Frameworks */,
				6D0E1B2222B2481D00CD4B4F /* Resources */,
			);
			buildRules = (
			);
			dependencies = (
				6D0E1B2622B2481D00CD4B4F /* PBXTargetDependency */,
			);
			name = "netless-swift-whiteboardUITests";
			productName = "netless-swift-whiteboardUITests";
			productReference = 6D0E1B2422B2481D00CD4B4F /* netless-swift-whiteboardUITests.xctest */;
			productType = "com.apple.product-type.bundle.ui-testing";
		};
/* End PBXNativeTarget section */

/* Begin PBXProject section */
		6D0E1AFD22B2481C00CD4B4F /* Project object */ = {
			isa = PBXProject;
			attributes = {
				LastSwiftUpdateCheck = 1020;
				LastUpgradeCheck = 1020;
				ORGANIZATIONNAME = "伍双";
				TargetAttributes = {
					6D0E1B0422B2481C00CD4B4F = {
						CreatedOnToolsVersion = 10.2.1;
						LastSwiftMigration = 1020;
					};
					6D0E1B1822B2481D00CD4B4F = {
						CreatedOnToolsVersion = 10.2.1;
						TestTargetID = 6D0E1B0422B2481C00CD4B4F;
					};
					6D0E1B2322B2481D00CD4B4F = {
						CreatedOnToolsVersion = 10.2.1;
						TestTargetID = 6D0E1B0422B2481C00CD4B4F;
					};
				};
			};
			buildConfigurationList = 6D0E1B0022B2481C00CD4B4F /* Build configuration list for PBXProject "netless-swift-whiteboard" */;
			compatibilityVersion = "Xcode 9.3";
			developmentRegion = en;
			hasScannedForEncodings = 0;
			knownRegions = (
				en,
				Base,
			);
			mainGroup = 6D0E1AFC22B2481C00CD4B4F;
			productRefGroup = 6D0E1B0622B2481C00CD4B4F /* Products */;
			projectDirPath = "";
			projectRoot = "";
			targets = (
				6D0E1B0422B2481C00CD4B4F /* netless-swift-whiteboard */,
				6D0E1B1822B2481D00CD4B4F /* netless-swift-whiteboardTests */,
				6D0E1B2322B2481D00CD4B4F /* netless-swift-whiteboardUITests */,
			);
		};
/* End PBXProject section */

/* Begin PBXResourcesBuildPhase section */
		6D0E1B0322B2481C00CD4B4F /* Resources */ = {
			isa = PBXResourcesBuildPhase;
			buildActionMask = 2147483647;
			files = (
				6D0E1B1322B2481D00CD4B4F /* LaunchScreen.storyboard in Resources */,
				6DDE2D7522BC9ADE008519FE /* Assets.xcassets in Resources */,
				6D0E1B0E22B2481C00CD4B4F /* Main.storyboard in Resources */,
			);
			runOnlyForDeploymentPostprocessing = 0;
		};
		6D0E1B1722B2481D00CD4B4F /* Resources */ = {
			isa = PBXResourcesBuildPhase;
			buildActionMask = 2147483647;
			files = (
			);
			runOnlyForDeploymentPostprocessing = 0;
		};
		6D0E1B2222B2481D00CD4B4F /* Resources */ = {
			isa = PBXResourcesBuildPhase;
			buildActionMask = 2147483647;
			files = (
			);
			runOnlyForDeploymentPostprocessing = 0;
		};
/* End PBXResourcesBuildPhase section */

/* Begin PBXShellScriptBuildPhase section */
		213B316049CB79CAF6774A02 /* [CP] Embed Pods Frameworks */ = {
			isa = PBXShellScriptBuildPhase;
			buildActionMask = 2147483647;
			files = (
			);
			inputFileListPaths = (
				"${PODS_ROOT}/Target Support Files/Pods-netless-swift-whiteboard/Pods-netless-swift-whiteboard-frameworks-${CONFIGURATION}-input-files.xcfilelist",
			);
			name = "[CP] Embed Pods Frameworks";
			outputFileListPaths = (
				"${PODS_ROOT}/Target Support Files/Pods-netless-swift-whiteboard/Pods-netless-swift-whiteboard-frameworks-${CONFIGURATION}-output-files.xcfilelist",
			);
			runOnlyForDeploymentPostprocessing = 0;
			shellPath = /bin/sh;
			shellScript = "\"${PODS_ROOT}/Target Support Files/Pods-netless-swift-whiteboard/Pods-netless-swift-whiteboard-frameworks.sh\"\n";
			showEnvVarsInLog = 0;
		};
		59813D49A7C587FB32F9456B /* [CP] Check Pods Manifest.lock */ = {
			isa = PBXShellScriptBuildPhase;
			buildActionMask = 2147483647;
			files = (
			);
			inputFileListPaths = (
			);
			inputPaths = (
				"${PODS_PODFILE_DIR_PATH}/Podfile.lock",
				"${PODS_ROOT}/Manifest.lock",
			);
			name = "[CP] Check Pods Manifest.lock";
			outputFileListPaths = (
			);
			outputPaths = (
				"$(DERIVED_FILE_DIR)/Pods-netless-swift-whiteboard-checkManifestLockResult.txt",
			);
			runOnlyForDeploymentPostprocessing = 0;
			shellPath = /bin/sh;
			shellScript = "diff \"${PODS_PODFILE_DIR_PATH}/Podfile.lock\" \"${PODS_ROOT}/Manifest.lock\" > /dev/null\nif [ $? != 0 ] ; then\n    # print error to STDERR\n    echo \"error: The sandbox is not in sync with the Podfile.lock. Run 'pod install' or update your CocoaPods installation.\" >&2\n    exit 1\nfi\n# This output is used by Xcode 'outputs' to avoid re-running this script phase.\necho \"SUCCESS\" > \"${SCRIPT_OUTPUT_FILE_0}\"\n";
			showEnvVarsInLog = 0;
		};
		8F5657292A77F884910D0C16 /* [CP] Copy Pods Resources */ = {
			isa = PBXShellScriptBuildPhase;
			buildActionMask = 2147483647;
			files = (
			);
			inputFileListPaths = (
				"${PODS_ROOT}/Target Support Files/Pods-netless-swift-whiteboard/Pods-netless-swift-whiteboard-resources-${CONFIGURATION}-input-files.xcfilelist",
			);
			name = "[CP] Copy Pods Resources";
			outputFileListPaths = (
				"${PODS_ROOT}/Target Support Files/Pods-netless-swift-whiteboard/Pods-netless-swift-whiteboard-resources-${CONFIGURATION}-output-files.xcfilelist",
			);
			runOnlyForDeploymentPostprocessing = 0;
			shellPath = /bin/sh;
			shellScript = "\"${PODS_ROOT}/Target Support Files/Pods-netless-swift-whiteboard/Pods-netless-swift-whiteboard-resources.sh\"\n";
			showEnvVarsInLog = 0;
		};
/* End PBXShellScriptBuildPhase section */

/* Begin PBXSourcesBuildPhase section */
		6D0E1B0122B2481C00CD4B4F /* Sources */ = {
			isa = PBXSourcesBuildPhase;
			buildActionMask = 2147483647;
			files = (
				6DDE2D5322B4D518008519FE /* InviteViewController.swift in Sources */,
				6DDE2D5522B4D670008519FE /* SetViewController.swift in Sources */,
				6DDE2D7922BCB1E6008519FE /* ToolboxView.swift in Sources */,
				6D0DCC8B22B372720027550D /* QRScannerViewController.swift in Sources */,
				6DDE2D4F22B4A6DF008519FE /* SenceViewController.swift in Sources */,
				6DDE2D7F22BDD413008519FE /* LoadingView.swift in Sources */,
				6DDE2D7122BB22F9008519FE /* ToolboxButton.swift in Sources */,
				6DDE2D8122BDE116008519FE /* QRCodeUtil.swift in Sources */,
				6D0E1B3722B25A7700CD4B4F /* WhiteboardViewController.swift in Sources */,
				6D0E1B0B22B2481C00CD4B4F /* ViewController.swift in Sources */,
				6DDE2D6622B9086B008519FE /* ApiMiddleWare.swift in Sources */,
				6DDE2D7B22BCB53A008519FE /* ButtonPrimary.swift in Sources */,
				6DDE2D6422B9076F008519FE /* TokenConfig.swift in Sources */,
				6D0DCC8522B365250027550D /* Theme.swift in Sources */,
				6D0E1B0922B2481C00CD4B4F /* AppDelegate.swift in Sources */,
				6D0DCC8322B3518E0027550D /* Utils.swift in Sources */,
			);
			runOnlyForDeploymentPostprocessing = 0;
		};
		6D0E1B1522B2481D00CD4B4F /* Sources */ = {
			isa = PBXSourcesBuildPhase;
			buildActionMask = 2147483647;
			files = (
				6D0E1B1E22B2481D00CD4B4F /* netless_swift_whiteboardTests.swift in Sources */,
			);
			runOnlyForDeploymentPostprocessing = 0;
		};
		6D0E1B2022B2481D00CD4B4F /* Sources */ = {
			isa = PBXSourcesBuildPhase;
			buildActionMask = 2147483647;
			files = (
				6D0E1B2922B2481D00CD4B4F /* netless_swift_whiteboardUITests.swift in Sources */,
			);
			runOnlyForDeploymentPostprocessing = 0;
		};
/* End PBXSourcesBuildPhase section */

/* Begin PBXTargetDependency section */
		6D0E1B1B22B2481D00CD4B4F /* PBXTargetDependency */ = {
			isa = PBXTargetDependency;
			target = 6D0E1B0422B2481C00CD4B4F /* netless-swift-whiteboard */;
			targetProxy = 6D0E1B1A22B2481D00CD4B4F /* PBXContainerItemProxy */;
		};
		6D0E1B2622B2481D00CD4B4F /* PBXTargetDependency */ = {
			isa = PBXTargetDependency;
			target = 6D0E1B0422B2481C00CD4B4F /* netless-swift-whiteboard */;
			targetProxy = 6D0E1B2522B2481D00CD4B4F /* PBXContainerItemProxy */;
		};
/* End PBXTargetDependency section */

/* Begin PBXVariantGroup section */
		6D0E1B0C22B2481C00CD4B4F /* Main.storyboard */ = {
			isa = PBXVariantGroup;
			children = (
				6D0E1B0D22B2481C00CD4B4F /* Base */,
			);
			name = Main.storyboard;
			sourceTree = "<group>";
		};
		6D0E1B1122B2481D00CD4B4F /* LaunchScreen.storyboard */ = {
			isa = PBXVariantGroup;
			children = (
				6D0E1B1222B2481D00CD4B4F /* Base */,
			);
			name = LaunchScreen.storyboard;
			sourceTree = "<group>";
		};
/* End PBXVariantGroup section */

/* Begin XCBuildConfiguration section */
		6D0E1B2B22B2481D00CD4B4F /* Debug */ = {
			isa = XCBuildConfiguration;
			buildSettings = {
				ALWAYS_SEARCH_USER_PATHS = NO;
				CLANG_ANALYZER_NONNULL = YES;
				CLANG_ANALYZER_NUMBER_OBJECT_CONVERSION = YES_AGGRESSIVE;
				CLANG_CXX_LANGUAGE_STANDARD = "gnu++14";
				CLANG_CXX_LIBRARY = "libc++";
				CLANG_ENABLE_MODULES = YES;
				CLANG_ENABLE_OBJC_ARC = YES;
				CLANG_ENABLE_OBJC_WEAK = YES;
				CLANG_WARN_BLOCK_CAPTURE_AUTORELEASING = YES;
				CLANG_WARN_BOOL_CONVERSION = YES;
				CLANG_WARN_COMMA = YES;
				CLANG_WARN_CONSTANT_CONVERSION = YES;
				CLANG_WARN_DEPRECATED_OBJC_IMPLEMENTATIONS = YES;
				CLANG_WARN_DIRECT_OBJC_ISA_USAGE = YES_ERROR;
				CLANG_WARN_DOCUMENTATION_COMMENTS = YES;
				CLANG_WARN_EMPTY_BODY = YES;
				CLANG_WARN_ENUM_CONVERSION = YES;
				CLANG_WARN_INFINITE_RECURSION = YES;
				CLANG_WARN_INT_CONVERSION = YES;
				CLANG_WARN_NON_LITERAL_NULL_CONVERSION = YES;
				CLANG_WARN_OBJC_IMPLICIT_RETAIN_SELF = YES;
				CLANG_WARN_OBJC_LITERAL_CONVERSION = YES;
				CLANG_WARN_OBJC_ROOT_CLASS = YES_ERROR;
				CLANG_WARN_RANGE_LOOP_ANALYSIS = YES;
				CLANG_WARN_STRICT_PROTOTYPES = YES;
				CLANG_WARN_SUSPICIOUS_MOVE = YES;
				CLANG_WARN_UNGUARDED_AVAILABILITY = YES_AGGRESSIVE;
				CLANG_WARN_UNREACHABLE_CODE = YES;
				CLANG_WARN__DUPLICATE_METHOD_MATCH = YES;
				CODE_SIGN_IDENTITY = "iPhone Developer";
				COPY_PHASE_STRIP = NO;
				DEBUG_INFORMATION_FORMAT = dwarf;
				ENABLE_STRICT_OBJC_MSGSEND = YES;
				ENABLE_TESTABILITY = YES;
				GCC_C_LANGUAGE_STANDARD = gnu11;
				GCC_DYNAMIC_NO_PIC = NO;
				GCC_NO_COMMON_BLOCKS = YES;
				GCC_OPTIMIZATION_LEVEL = 0;
				GCC_PREPROCESSOR_DEFINITIONS = (
					"DEBUG=1",
					"$(inherited)",
				);
				GCC_WARN_64_TO_32_BIT_CONVERSION = YES;
				GCC_WARN_ABOUT_RETURN_TYPE = YES_ERROR;
				GCC_WARN_UNDECLARED_SELECTOR = YES;
				GCC_WARN_UNINITIALIZED_AUTOS = YES_AGGRESSIVE;
				GCC_WARN_UNUSED_FUNCTION = YES;
				GCC_WARN_UNUSED_VARIABLE = YES;
				IPHONEOS_DEPLOYMENT_TARGET = 12.2;
				MTL_ENABLE_DEBUG_INFO = INCLUDE_SOURCE;
				MTL_FAST_MATH = YES;
				ONLY_ACTIVE_ARCH = YES;
				SDKROOT = iphoneos;
				SWIFT_ACTIVE_COMPILATION_CONDITIONS = DEBUG;
				SWIFT_OPTIMIZATION_LEVEL = "-Onone";
			};
			name = Debug;
		};
		6D0E1B2C22B2481D00CD4B4F /* Release */ = {
			isa = XCBuildConfiguration;
			buildSettings = {
				ALWAYS_SEARCH_USER_PATHS = NO;
				CLANG_ANALYZER_NONNULL = YES;
				CLANG_ANALYZER_NUMBER_OBJECT_CONVERSION = YES_AGGRESSIVE;
				CLANG_CXX_LANGUAGE_STANDARD = "gnu++14";
				CLANG_CXX_LIBRARY = "libc++";
				CLANG_ENABLE_MODULES = YES;
				CLANG_ENABLE_OBJC_ARC = YES;
				CLANG_ENABLE_OBJC_WEAK = YES;
				CLANG_WARN_BLOCK_CAPTURE_AUTORELEASING = YES;
				CLANG_WARN_BOOL_CONVERSION = YES;
				CLANG_WARN_COMMA = YES;
				CLANG_WARN_CONSTANT_CONVERSION = YES;
				CLANG_WARN_DEPRECATED_OBJC_IMPLEMENTATIONS = YES;
				CLANG_WARN_DIRECT_OBJC_ISA_USAGE = YES_ERROR;
				CLANG_WARN_DOCUMENTATION_COMMENTS = YES;
				CLANG_WARN_EMPTY_BODY = YES;
				CLANG_WARN_ENUM_CONVERSION = YES;
				CLANG_WARN_INFINITE_RECURSION = YES;
				CLANG_WARN_INT_CONVERSION = YES;
				CLANG_WARN_NON_LITERAL_NULL_CONVERSION = YES;
				CLANG_WARN_OBJC_IMPLICIT_RETAIN_SELF = YES;
				CLANG_WARN_OBJC_LITERAL_CONVERSION = YES;
				CLANG_WARN_OBJC_ROOT_CLASS = YES_ERROR;
				CLANG_WARN_RANGE_LOOP_ANALYSIS = YES;
				CLANG_WARN_STRICT_PROTOTYPES = YES;
				CLANG_WARN_SUSPICIOUS_MOVE = YES;
				CLANG_WARN_UNGUARDED_AVAILABILITY = YES_AGGRESSIVE;
				CLANG_WARN_UNREACHABLE_CODE = YES;
				CLANG_WARN__DUPLICATE_METHOD_MATCH = YES;
				CODE_SIGN_IDENTITY = "iPhone Developer";
				COPY_PHASE_STRIP = NO;
				DEBUG_INFORMATION_FORMAT = "dwarf-with-dsym";
				ENABLE_NS_ASSERTIONS = NO;
				ENABLE_STRICT_OBJC_MSGSEND = YES;
				GCC_C_LANGUAGE_STANDARD = gnu11;
				GCC_NO_COMMON_BLOCKS = YES;
				GCC_WARN_64_TO_32_BIT_CONVERSION = YES;
				GCC_WARN_ABOUT_RETURN_TYPE = YES_ERROR;
				GCC_WARN_UNDECLARED_SELECTOR = YES;
				GCC_WARN_UNINITIALIZED_AUTOS = YES_AGGRESSIVE;
				GCC_WARN_UNUSED_FUNCTION = YES;
				GCC_WARN_UNUSED_VARIABLE = YES;
				IPHONEOS_DEPLOYMENT_TARGET = 12.2;
				MTL_ENABLE_DEBUG_INFO = NO;
				MTL_FAST_MATH = YES;
				SDKROOT = iphoneos;
				SWIFT_COMPILATION_MODE = wholemodule;
				SWIFT_OPTIMIZATION_LEVEL = "-O";
				VALIDATE_PRODUCT = YES;
			};
			name = Release;
		};
		6D0E1B2E22B2481D00CD4B4F /* Debug */ = {
			isa = XCBuildConfiguration;
			baseConfigurationReference = 9CAB039CCD4D5D768080EF47 /* Pods-netless-swift-whiteboard.debug.xcconfig */;
			buildSettings = {
				ASSETCATALOG_COMPILER_APPICON_NAME = AppIcon;
				CLANG_ENABLE_MODULES = YES;
				CODE_SIGN_STYLE = Automatic;
				DEVELOPMENT_TEAM = LAZ29Z46V4;
				INFOPLIST_FILE = "netless-swift-whiteboard/Info.plist";
				LD_RUNPATH_SEARCH_PATHS = (
					"$(inherited)",
					"@executable_path/Frameworks",
				);
				PRODUCT_BUNDLE_IDENTIFIER = "netless.netless-swift-whiteboard";
				PRODUCT_NAME = "$(TARGET_NAME)";
				SWIFT_OBJC_BRIDGING_HEADER = "netless-swift-whiteboard/netless-swift-whiteboard-Bridging-Header.h";
				SWIFT_OPTIMIZATION_LEVEL = "-Onone";
				SWIFT_VERSION = 5.0;
				TARGETED_DEVICE_FAMILY = "1,2";
			};
			name = Debug;
		};
		6D0E1B2F22B2481D00CD4B4F /* Release */ = {
			isa = XCBuildConfiguration;
			baseConfigurationReference = 914328CD952D25E75D8EA48F /* Pods-netless-swift-whiteboard.release.xcconfig */;
			buildSettings = {
				ASSETCATALOG_COMPILER_APPICON_NAME = AppIcon;
				CLANG_ENABLE_MODULES = YES;
				CODE_SIGN_STYLE = Automatic;
				DEVELOPMENT_TEAM = LAZ29Z46V4;
				INFOPLIST_FILE = "netless-swift-whiteboard/Info.plist";
				LD_RUNPATH_SEARCH_PATHS = (
					"$(inherited)",
					"@executable_path/Frameworks",
				);
				PRODUCT_BUNDLE_IDENTIFIER = "netless.netless-swift-whiteboard";
				PRODUCT_NAME = "$(TARGET_NAME)";
				SWIFT_OBJC_BRIDGING_HEADER = "netless-swift-whiteboard/netless-swift-whiteboard-Bridging-Header.h";
				SWIFT_VERSION = 5.0;
				TARGETED_DEVICE_FAMILY = "1,2";
			};
			name = Release;
		};
		6D0E1B3122B2481D00CD4B4F /* Debug */ = {
			isa = XCBuildConfiguration;
			buildSettings = {
				ALWAYS_EMBED_SWIFT_STANDARD_LIBRARIES = YES;
				BUNDLE_LOADER = "$(TEST_HOST)";
				CODE_SIGN_STYLE = Automatic;
				DEVELOPMENT_TEAM = LAZ29Z46V4;
				INFOPLIST_FILE = "netless-swift-whiteboardTests/Info.plist";
				LD_RUNPATH_SEARCH_PATHS = (
					"$(inherited)",
					"@executable_path/Frameworks",
					"@loader_path/Frameworks",
				);
				PRODUCT_BUNDLE_IDENTIFIER = "netless.netless-swift-whiteboardTests";
				PRODUCT_NAME = "$(TARGET_NAME)";
				SWIFT_VERSION = 5.0;
				TARGETED_DEVICE_FAMILY = "1,2";
				TEST_HOST = "$(BUILT_PRODUCTS_DIR)/netless-swift-whiteboard.app/netless-swift-whiteboard";
			};
			name = Debug;
		};
		6D0E1B3222B2481D00CD4B4F /* Release */ = {
			isa = XCBuildConfiguration;
			buildSettings = {
				ALWAYS_EMBED_SWIFT_STANDARD_LIBRARIES = YES;
				BUNDLE_LOADER = "$(TEST_HOST)";
				CODE_SIGN_STYLE = Automatic;
				DEVELOPMENT_TEAM = LAZ29Z46V4;
				INFOPLIST_FILE = "netless-swift-whiteboardTests/Info.plist";
				LD_RUNPATH_SEARCH_PATHS = (
					"$(inherited)",
					"@executable_path/Frameworks",
					"@loader_path/Frameworks",
				);
				PRODUCT_BUNDLE_IDENTIFIER = "netless.netless-swift-whiteboardTests";
				PRODUCT_NAME = "$(TARGET_NAME)";
				SWIFT_VERSION = 5.0;
				TARGETED_DEVICE_FAMILY = "1,2";
				TEST_HOST = "$(BUILT_PRODUCTS_DIR)/netless-swift-whiteboard.app/netless-swift-whiteboard";
			};
			name = Release;
		};
		6D0E1B3422B2481D00CD4B4F /* Debug */ = {
			isa = XCBuildConfiguration;
			buildSettings = {
				ALWAYS_EMBED_SWIFT_STANDARD_LIBRARIES = YES;
				CODE_SIGN_STYLE = Automatic;
				DEVELOPMENT_TEAM = LAZ29Z46V4;
				INFOPLIST_FILE = "netless-swift-whiteboardUITests/Info.plist";
				LD_RUNPATH_SEARCH_PATHS = (
					"$(inherited)",
					"@executable_path/Frameworks",
					"@loader_path/Frameworks",
				);
				PRODUCT_BUNDLE_IDENTIFIER = "netless.netless-swift-whiteboardUITests";
				PRODUCT_NAME = "$(TARGET_NAME)";
				SWIFT_VERSION = 5.0;
				TARGETED_DEVICE_FAMILY = "1,2";
				TEST_TARGET_NAME = "netless-swift-whiteboard";
			};
			name = Debug;
		};
		6D0E1B3522B2481D00CD4B4F /* Release */ = {
			isa = XCBuildConfiguration;
			buildSettings = {
				ALWAYS_EMBED_SWIFT_STANDARD_LIBRARIES = YES;
				CODE_SIGN_STYLE = Automatic;
				DEVELOPMENT_TEAM = LAZ29Z46V4;
				INFOPLIST_FILE = "netless-swift-whiteboardUITests/Info.plist";
				LD_RUNPATH_SEARCH_PATHS = (
					"$(inherited)",
					"@executable_path/Frameworks",
					"@loader_path/Frameworks",
				);
				PRODUCT_BUNDLE_IDENTIFIER = "netless.netless-swift-whiteboardUITests";
				PRODUCT_NAME = "$(TARGET_NAME)";
				SWIFT_VERSION = 5.0;
				TARGETED_DEVICE_FAMILY = "1,2";
				TEST_TARGET_NAME = "netless-swift-whiteboard";
			};
			name = Release;
		};
/* End XCBuildConfiguration section */

/* Begin XCConfigurationList section */
		6D0E1B0022B2481C00CD4B4F /* Build configuration list for PBXProject "netless-swift-whiteboard" */ = {
			isa = XCConfigurationList;
			buildConfigurations = (
				6D0E1B2B22B2481D00CD4B4F /* Debug */,
				6D0E1B2C22B2481D00CD4B4F /* Release */,
			);
			defaultConfigurationIsVisible = 0;
			defaultConfigurationName = Release;
		};
		6D0E1B2D22B2481D00CD4B4F /* Build configuration list for PBXNativeTarget "netless-swift-whiteboard" */ = {
			isa = XCConfigurationList;
			buildConfigurations = (
				6D0E1B2E22B2481D00CD4B4F /* Debug */,
				6D0E1B2F22B2481D00CD4B4F /* Release */,
			);
			defaultConfigurationIsVisible = 0;
			defaultConfigurationName = Release;
		};
		6D0E1B3022B2481D00CD4B4F /* Build configuration list for PBXNativeTarget "netless-swift-whiteboardTests" */ = {
			isa = XCConfigurationList;
			buildConfigurations = (
				6D0E1B3122B2481D00CD4B4F /* Debug */,
				6D0E1B3222B2481D00CD4B4F /* Release */,
			);
			defaultConfigurationIsVisible = 0;
			defaultConfigurationName = Release;
		};
		6D0E1B3322B2481D00CD4B4F /* Build configuration list for PBXNativeTarget "netless-swift-whiteboardUITests" */ = {
			isa = XCConfigurationList;
			buildConfigurations = (
				6D0E1B3422B2481D00CD4B4F /* Debug */,
				6D0E1B3522B2481D00CD4B4F /* Release */,
			);
			defaultConfigurationIsVisible = 0;
			defaultConfigurationName = Release;
		};
/* End XCConfigurationList section */
	};
	rootObject = 6D0E1AFD22B2481C00CD4B4F /* Project object */;
}
